
Microsoft Visual Studio Solution File, Format Version 12.00
# Visual Studio 15
VisualStudioVersion = 15.0.28010.2026
MinimumVisualStudioVersion = 10.0.40219.1
Project("{FAE04EC0-301F-11D3-BF4B-00C04F79EFBC}") = "20181207", "20181207.csproj", "{41F2D274-4533-4584-8D8E-AB5B5D83B49A}"
EndProject
Project("{54435603-DBB4-11D2-8724-00A0C9A8B90C}") = "Setup1", "..\Setup1\Setup1.vdproj", "{73A631BA-626A-4627-BAC0-0E21A32C08BE}"
EndProject
Global
	GlobalSection(SolutionConfigurationPlatforms) = preSolution
		Debug|Any CPU = Debug|Any CPU
		Release|Any CPU = Release|Any CPU
	EndGlobalSection
	GlobalSection(ProjectConfigurationPlatforms) = postSolution
		{41F2D274-4533-4584-8D8E-AB5B5D83B49A}.Debug|Any CPU.ActiveCfg = Debug|Any CPU
		{41F2D274-4533-4584-8D8E-AB5B5D83B49A}.Debug|Any CPU.Build.0 = Debug|Any CPU
		{41F2D274-4533-4584-8D8E-AB5B5D83B49A}.Release|Any CPU.ActiveCfg = Release|Any CPU
		{41F2D274-4533-4584-8D8E-AB5B5D83B49A}.Release|Any CPU.Build.0 = Release|Any CPU
		{73A631BA-626A-4627-BAC0-0E21A32C08BE}.Debug|Any CPU.ActiveCfg = Debug
		{73A631BA-626A-4627-BAC0-0E21A32C08BE}.Release|Any CPU.ActiveCfg = Release
	EndGlobalSection
	GlobalSection(SolutionProperties) = preSolution
		HideSolutionNode = FALSE
	EndGlobalSection
	GlobalSection(ExtensibilityGlobals) = postSolution
		SolutionGuid = {C05626FA-617E-4A0D-9672-49796028D608}
	EndGlobalSection
EndGlobal
